
Microsoft Visual Studio Solution File, Format Version 12.00
# Visual Studio Version 17
VisualStudioVersion = 17.11.35327.3
MinimumVisualStudioVersion = 10.0.40219.1
Project("{9A19103F-16F7-4668-BE54-9A1E7A4F7556}") = "CrimeDatabase", "CrimeDatabase.csproj", "{65EA055F-D5BF-4CFE-A565-BDCFD0813809}"
EndProject
Project("{FAE04EC0-301F-11D3-BF4B-00C04F79EFBC}") = "CrimeDatabaseTests", "..\CrimeDatabaseTests\CrimeDatabaseTests.csproj", "{D5ABCB1B-2F1A-42FB-BF0B-D40EE3791759}"
EndProject
Global
	GlobalSection(SolutionConfigurationPlatforms) = preSolution
		Debug|Any CPU = Debug|Any CPU
		Release|Any CPU = Release|Any CPU
	EndGlobalSection
	GlobalSection(ProjectConfigurationPlatforms) = postSolution
		{65EA055F-D5BF-4CFE-A565-BDCFD0813809}.Debug|Any CPU.ActiveCfg = Debug|Any CPU
		{65EA055F-D5BF-4CFE-A565-BDCFD0813809}.Debug|Any CPU.Build.0 = Debug|Any CPU
		{65EA055F-D5BF-4CFE-A565-BDCFD0813809}.Release|Any CPU.ActiveCfg = Release|Any CPU
		{65EA055F-D5BF-4CFE-A565-BDCFD0813809}.Release|Any CPU.Build.0 = Release|Any CPU
		{D5ABCB1B-2F1A-42FB-BF0B-D40EE3791759}.Debug|Any CPU.ActiveCfg = Debug|Any CPU
		{D5ABCB1B-2F1A-42FB-BF0B-D40EE3791759}.Debug|Any CPU.Build.0 = Debug|Any CPU
		{D5ABCB1B-2F1A-42FB-BF0B-D40EE3791759}.Release|Any CPU.ActiveCfg = Release|Any CPU
		{D5ABCB1B-2F1A-42FB-BF0B-D40EE3791759}.Release|Any CPU.Build.0 = Release|Any CPU
	EndGlobalSection
	GlobalSection(SolutionProperties) = preSolution
		HideSolutionNode = FALSE
	EndGlobalSection
	GlobalSection(ExtensibilityGlobals) = postSolution
		SolutionGuid = {74F0287B-77D7-42A9-89EF-B71CE5751078}
	EndGlobalSection
EndGlobal
